// !$*UTF8*$!
{
	archiveVersion = 1;
	classes = {
	};
	objectVersion = 51;
	objects = {

/* Begin PBXBuildFile section */
		033895ADB90C21E0A510A12F /* Pods_PhotoShare.framework in Frameworks */ = {isa = PBXBuildFile; fileRef = 38148A22E6C65B6A8155DC78 /* Pods_PhotoShare.framework */; };
		DF18F7502406A64F009112E7 /* XYHheadView.m in Sources */ = {isa = PBXBuildFile; fileRef = DF18F74F2406A64F009112E7 /* XYHheadView.m */; };
		DF18F7522406A659009112E7 /* XYHheadView.xib in Resources */ = {isa = PBXBuildFile; fileRef = DF18F7512406A659009112E7 /* XYHheadView.xib */; };
		DF18F7562406A967009112E7 /* XYHsearchCell.m in Sources */ = {isa = PBXBuildFile; fileRef = DF18F7542406A967009112E7 /* XYHsearchCell.m */; };
		DF18F7572406A967009112E7 /* XYHsearchCell.xib in Resources */ = {isa = PBXBuildFile; fileRef = DF18F7552406A967009112E7 /* XYHsearchCell.xib */; };
		DF18F769240758C6009112E7 /* NSString+PinYin4Cocoa.m in Sources */ = {isa = PBXBuildFile; fileRef = DF18F75C240758C6009112E7 /* NSString+PinYin4Cocoa.m */; };
		DF18F76A240758C6009112E7 /* PinyinHelper.m in Sources */ = {isa = PBXBuildFile; fileRef = DF18F75F240758C6009112E7 /* PinyinHelper.m */; };
		DF18F76B240758C6009112E7 /* HanyuPinyinOutputFormat.m in Sources */ = {isa = PBXBuildFile; fileRef = DF18F761240758C6009112E7 /* HanyuPinyinOutputFormat.m */; };
		DF18F76C240758C6009112E7 /* ChineseToPinyinResource.m in Sources */ = {isa = PBXBuildFile; fileRef = DF18F762240758C6009112E7 /* ChineseToPinyinResource.m */; };
		DF18F76D240758C6009112E7 /* PinyinFormatter.m in Sources */ = {isa = PBXBuildFile; fileRef = DF18F763240758C6009112E7 /* PinyinFormatter.m */; };
		DF18F76E240758C6009112E7 /* unicode_to_hanyu_pinyin.txt in Resources */ = {isa = PBXBuildFile; fileRef = DF18F766240758C6009112E7 /* unicode_to_hanyu_pinyin.txt */; };
		DF18F7762408E68C009112E7 /* XYHPhotoVC.xib in Resources */ = {isa = PBXBuildFile; fileRef = DF18F7752408E68C009112E7 /* XYHPhotoVC.xib */; };
		DF18F77C240901ED009112E7 /* XYHEdictVC.m in Sources */ = {isa = PBXBuildFile; fileRef = DF18F77A240901ED009112E7 /* XYHEdictVC.m */; };
		DF18F77D240901ED009112E7 /* XYHEdictVC.xib in Resources */ = {isa = PBXBuildFile; fileRef = DF18F77B240901ED009112E7 /* XYHEdictVC.xib */; };
		DF2021B023FD1EC200EDFD16 /* photolistModel.m in Sources */ = {isa = PBXBuildFile; fileRef = DF2021AF23FD1EC200EDFD16 /* photolistModel.m */; };
		DF2021B423FD214B00EDFD16 /* XYHHttpTool.m in Sources */ = {isa = PBXBuildFile; fileRef = DF2021B323FD214B00EDFD16 /* XYHHttpTool.m */; };
		DF2E1A49240B9DFA00A4ACD9 /* XYHProfileVC.xib in Resources */ = {isa = PBXBuildFile; fileRef = DF2E1A48240B9DFA00A4ACD9 /* XYHProfileVC.xib */; };
		DF4EB3EC24013710008CAD75 /* Reachability.m in Sources */ = {isa = PBXBuildFile; fileRef = DF4EB3EB24013710008CAD75 /* Reachability.m */; };
		DF4EB3EF24014E71008CAD75 /* XYHRefresh.m in Sources */ = {isa = PBXBuildFile; fileRef = DF4EB3EE24014E71008CAD75 /* XYHRefresh.m */; };
		DF4EB3F124014E80008CAD75 /* XYHRefresh.xib in Resources */ = {isa = PBXBuildFile; fileRef = DF4EB3F024014E80008CAD75 /* XYHRefresh.xib */; };
		DF4EB40424021780008CAD75 /* XYHpopMenumVC.m in Sources */ = {isa = PBXBuildFile; fileRef = DF4EB40224021780008CAD75 /* XYHpopMenumVC.m */; };
		DF4EB40524021780008CAD75 /* XYHpopMenumVC.xib in Resources */ = {isa = PBXBuildFile; fileRef = DF4EB40324021780008CAD75 /* XYHpopMenumVC.xib */; };
		DF67825423FBC1D30083F80C /* SquareCell.xib in Resources */ = {isa = PBXBuildFile; fileRef = DF67825123FBC1D30083F80C /* SquareCell.xib */; };
		DF67825523FBC1D30083F80C /* SquareCell.m in Sources */ = {isa = PBXBuildFile; fileRef = DF67825323FBC1D30083F80C /* SquareCell.m */; };
		DF67825823FBC4080083F80C /* UIColor+XYHColor.m in Sources */ = {isa = PBXBuildFile; fileRef = DF67825723FBC4080083F80C /* UIColor+XYHColor.m */; };
		DFCD422523D0AF92006BB290 /* Assets.xcassets in Resources */ = {isa = PBXBuildFile; fileRef = DFCD422423D0AF92006BB290 /* Assets.xcassets */; };
		DFCD422823D0AF92006BB290 /* LaunchScreen.storyboard in Resources */ = {isa = PBXBuildFile; fileRef = DFCD422623D0AF92006BB290 /* LaunchScreen.storyboard */; };
		DFCD424523D0B458006BB290 /* main.m in Sources */ = {isa = PBXBuildFile; fileRef = DFCD423B23D0B458006BB290 /* main.m */; };
		DFCD424623D0B458006BB290 /* AppDelegate.m in Sources */ = {isa = PBXBuildFile; fileRef = DFCD423C23D0B458006BB290 /* AppDelegate.m */; };
		DFCD425123D0B525006BB290 /* XYHTabBarVC.m in Sources */ = {isa = PBXBuildFile; fileRef = DFCD424B23D0B525006BB290 /* XYHTabBarVC.m */; };
		DFCD425223D0B525006BB290 /* BaseViewController.m in Sources */ = {isa = PBXBuildFile; fileRef = DFCD424D23D0B525006BB290 /* BaseViewController.m */; };
		DFCD425323D0B525006BB290 /* XYHNavigationController.m in Sources */ = {isa = PBXBuildFile; fileRef = DFCD425023D0B525006BB290 /* XYHNavigationController.m */; };
		DFCD425723D0B5BF006BB290 /* XYHBarButtonItem.m in Sources */ = {isa = PBXBuildFile; fileRef = DFCD425623D0B5BF006BB290 /* XYHBarButtonItem.m */; };
		DFCD425B23D0B63D006BB290 /* UIImage+Color.m in Sources */ = {isa = PBXBuildFile; fileRef = DFCD425923D0B63D006BB290 /* UIImage+Color.m */; };
		DFCD425E23D0B7E3006BB290 /* XYHPhotoVC.m in Sources */ = {isa = PBXBuildFile; fileRef = DFCD425D23D0B7E3006BB290 /* XYHPhotoVC.m */; };
		DFCD426123D0B7F5006BB290 /* XYHProfileVC.m in Sources */ = {isa = PBXBuildFile; fileRef = DFCD426023D0B7F5006BB290 /* XYHProfileVC.m */; };
		DFCD426423D0B806006BB290 /* XYHSearchVC.m in Sources */ = {isa = PBXBuildFile; fileRef = DFCD426323D0B806006BB290 /* XYHSearchVC.m */; };
		DFCD426723D0B81B006BB290 /* XYHSquareVC.m in Sources */ = {isa = PBXBuildFile; fileRef = DFCD426623D0B81B006BB290 /* XYHSquareVC.m */; };
		DFCD426C23D17CD4006BB290 /* UIBarButtonItem+XYHBarButtonIterm.m in Sources */ = {isa = PBXBuildFile; fileRef = DFCD426A23D17CD4006BB290 /* UIBarButtonItem+XYHBarButtonIterm.m */; };
		DFEDC72823FD669F00E30374 /* XYHFMDBTool.m in Sources */ = {isa = PBXBuildFile; fileRef = DFEDC72723FD669F00E30374 /* XYHFMDBTool.m */; };
		DFEDC73123FD78FE00E30374 /* XYHPhotoDeatilVC.m in Sources */ = {isa = PBXBuildFile; fileRef = DFEDC72F23FD78FE00E30374 /* XYHPhotoDeatilVC.m */; };
		DFEDC73223FD78FE00E30374 /* XYHPhotoDeatilVC.xib in Resources */ = {isa = PBXBuildFile; fileRef = DFEDC73023FD78FE00E30374 /* XYHPhotoDeatilVC.xib */; };
/* End PBXBuildFile section */

/* Begin PBXFileReference section */
		38148A22E6C65B6A8155DC78 /* Pods_PhotoShare.framework */ = {isa = PBXFileReference; explicitFileType = wrapper.framework; includeInIndex = 0; path = Pods_PhotoShare.framework; sourceTree = BUILT_PRODUCTS_DIR; };
		5A0CC5845AABDA18482078F2 /* Pods-PhotoShare.release.xcconfig */ = {isa = PBXFileReference; includeInIndex = 1; lastKnownFileType = text.xcconfig; name = "Pods-PhotoShare.release.xcconfig"; path = "Pods/Target Support Files/Pods-PhotoShare/Pods-PhotoShare.release.xcconfig"; sourceTree = "<group>"; };
		CD78D991B82E86FC6BDBEE00 /* Pods-PhotoShare.debug.xcconfig */ = {isa = PBXFileReference; includeInIndex = 1; lastKnownFileType = text.xcconfig; name = "Pods-PhotoShare.debug.xcconfig"; path = "Pods/Target Support Files/Pods-PhotoShare/Pods-PhotoShare.debug.xcconfig"; sourceTree = "<group>"; };
		DF18F74E2406A64F009112E7 /* XYHheadView.h */ = {isa = PBXFileReference; lastKnownFileType = sourcecode.c.h; path = XYHheadView.h; sourceTree = "<group>"; };
		DF18F74F2406A64F009112E7 /* XYHheadView.m */ = {isa = PBXFileReference; lastKnownFileType = sourcecode.c.objc; path = XYHheadView.m; sourceTree = "<group>"; };
		DF18F7512406A659009112E7 /* XYHheadView.xib */ = {isa = PBXFileReference; lastKnownFileType = file.xib; path = XYHheadView.xib; sourceTree = "<group>"; };
		DF18F7532406A967009112E7 /* XYHsearchCell.h */ = {isa = PBXFileReference; lastKnownFileType = sourcecode.c.h; path = XYHsearchCell.h; sourceTree = "<group>"; };
		DF18F7542406A967009112E7 /* XYHsearchCell.m */ = {isa = PBXFileReference; lastKnownFileType = sourcecode.c.objc; path = XYHsearchCell.m; sourceTree = "<group>"; };
		DF18F7552406A967009112E7 /* XYHsearchCell.xib */ = {isa = PBXFileReference; lastKnownFileType = file.xib; path = XYHsearchCell.xib; sourceTree = "<group>"; };
		DF18F75A240758C6009112E7 /* PinyinHelper.h */ = {isa = PBXFileReference; fileEncoding = 4; lastKnownFileType = sourcecode.c.h; path = PinyinHelper.h; sourceTree = "<group>"; };
		DF18F75B240758C6009112E7 /* HanyuPinyinOutputFormat.h */ = {isa = PBXFileReference; fileEncoding = 4; lastKnownFileType = sourcecode.c.h; path = HanyuPinyinOutputFormat.h; sourceTree = "<group>"; };
		DF18F75C240758C6009112E7 /* NSString+PinYin4Cocoa.m */ = {isa = PBXFileReference; fileEncoding = 4; lastKnownFileType = sourcecode.c.objc; path = "NSString+PinYin4Cocoa.m"; sourceTree = "<group>"; };
		DF18F75D240758C6009112E7 /* ChineseToPinyinResource.h */ = {isa = PBXFileReference; fileEncoding = 4; lastKnownFileType = sourcecode.c.h; path = ChineseToPinyinResource.h; sourceTree = "<group>"; };
		DF18F75E240758C6009112E7 /* PinyinFormatter.h */ = {isa = PBXFileReference; fileEncoding = 4; lastKnownFileType = sourcecode.c.h; path = PinyinFormatter.h; sourceTree = "<group>"; };
		DF18F75F240758C6009112E7 /* PinyinHelper.m */ = {isa = PBXFileReference; fileEncoding = 4; lastKnownFileType = sourcecode.c.objc; path = PinyinHelper.m; sourceTree = "<group>"; };
		DF18F760240758C6009112E7 /* NSString+PinYin4Cocoa.h */ = {isa = PBXFileReference; fileEncoding = 4; lastKnownFileType = sourcecode.c.h; path = "NSString+PinYin4Cocoa.h"; sourceTree = "<group>"; };
		DF18F761240758C6009112E7 /* HanyuPinyinOutputFormat.m */ = {isa = PBXFileReference; fileEncoding = 4; lastKnownFileType = sourcecode.c.objc; path = HanyuPinyinOutputFormat.m; sourceTree = "<group>"; };
		DF18F762240758C6009112E7 /* ChineseToPinyinResource.m */ = {isa = PBXFileReference; fileEncoding = 4; lastKnownFileType = sourcecode.c.objc; path = ChineseToPinyinResource.m; sourceTree = "<group>"; };
		DF18F763240758C6009112E7 /* PinyinFormatter.m */ = {isa = PBXFileReference; fileEncoding = 4; lastKnownFileType = sourcecode.c.objc; path = PinyinFormatter.m; sourceTree = "<group>"; };
		DF18F764240758C6009112E7 /* PinYin4Objc.h */ = {isa = PBXFileReference; fileEncoding = 4; lastKnownFileType = sourcecode.c.h; path = PinYin4Objc.h; sourceTree = "<group>"; };
		DF18F766240758C6009112E7 /* unicode_to_hanyu_pinyin.txt */ = {isa = PBXFileReference; fileEncoding = 4; lastKnownFileType = text; path = unicode_to_hanyu_pinyin.txt; sourceTree = "<group>"; };
		DF18F7752408E68C009112E7 /* XYHPhotoVC.xib */ = {isa = PBXFileReference; lastKnownFileType = file.xib; path = XYHPhotoVC.xib; sourceTree = "<group>"; };
		DF18F779240901ED009112E7 /* XYHEdictVC.h */ = {isa = PBXFileReference; lastKnownFileType = sourcecode.c.h; path = XYHEdictVC.h; sourceTree = "<group>"; };
		DF18F77A240901ED009112E7 /* XYHEdictVC.m */ = {isa = PBXFileReference; lastKnownFileType = sourcecode.c.objc; path = XYHEdictVC.m; sourceTree = "<group>"; };
		DF18F77B240901ED009112E7 /* XYHEdictVC.xib */ = {isa = PBXFileReference; lastKnownFileType = file.xib; path = XYHEdictVC.xib; sourceTree = "<group>"; };
		DF2021AE23FD1EC200EDFD16 /* photolistModel.h */ = {isa = PBXFileReference; lastKnownFileType = sourcecode.c.h; path = photolistModel.h; sourceTree = "<group>"; };
		DF2021AF23FD1EC200EDFD16 /* photolistModel.m */ = {isa = PBXFileReference; lastKnownFileType = sourcecode.c.objc; path = photolistModel.m; sourceTree = "<group>"; };
		DF2021B223FD214B00EDFD16 /* XYHHttpTool.h */ = {isa = PBXFileReference; lastKnownFileType = sourcecode.c.h; path = XYHHttpTool.h; sourceTree = "<group>"; };
		DF2021B323FD214B00EDFD16 /* XYHHttpTool.m */ = {isa = PBXFileReference; lastKnownFileType = sourcecode.c.objc; path = XYHHttpTool.m; sourceTree = "<group>"; };
		DF2E1A48240B9DFA00A4ACD9 /* XYHProfileVC.xib */ = {isa = PBXFileReference; lastKnownFileType = file.xib; path = XYHProfileVC.xib; sourceTree = "<group>"; };
		DF4EB3EA24013710008CAD75 /* Reachability.h */ = {isa = PBXFileReference; fileEncoding = 4; lastKnownFileType = sourcecode.c.h; path = Reachability.h; sourceTree = "<group>"; };
		DF4EB3EB24013710008CAD75 /* Reachability.m */ = {isa = PBXFileReference; fileEncoding = 4; lastKnownFileType = sourcecode.c.objc; path = Reachability.m; sourceTree = "<group>"; };
		DF4EB3ED24014E71008CAD75 /* XYHRefresh.h */ = {isa = PBXFileReference; lastKnownFileType = sourcecode.c.h; path = XYHRefresh.h; sourceTree = "<group>"; };
		DF4EB3EE24014E71008CAD75 /* XYHRefresh.m */ = {isa = PBXFileReference; lastKnownFileType = sourcecode.c.objc; path = XYHRefresh.m; sourceTree = "<group>"; };
		DF4EB3F024014E80008CAD75 /* XYHRefresh.xib */ = {isa = PBXFileReference; lastKnownFileType = file.xib; path = XYHRefresh.xib; sourceTree = "<group>"; };
		DF4EB40124021780008CAD75 /* XYHpopMenumVC.h */ = {isa = PBXFileReference; lastKnownFileType = sourcecode.c.h; path = XYHpopMenumVC.h; sourceTree = "<group>"; };
		DF4EB40224021780008CAD75 /* XYHpopMenumVC.m */ = {isa = PBXFileReference; lastKnownFileType = sourcecode.c.objc; path = XYHpopMenumVC.m; sourceTree = "<group>"; };
		DF4EB40324021780008CAD75 /* XYHpopMenumVC.xib */ = {isa = PBXFileReference; lastKnownFileType = file.xib; path = XYHpopMenumVC.xib; sourceTree = "<group>"; };
		DF67825123FBC1D30083F80C /* SquareCell.xib */ = {isa = PBXFileReference; fileEncoding = 4; lastKnownFileType = file.xib; path = SquareCell.xib; sourceTree = "<group>"; };
		DF67825223FBC1D30083F80C /* SquareCell.h */ = {isa = PBXFileReference; fileEncoding = 4; lastKnownFileType = sourcecode.c.h; path = SquareCell.h; sourceTree = "<group>"; };
		DF67825323FBC1D30083F80C /* SquareCell.m */ = {isa = PBXFileReference; fileEncoding = 4; lastKnownFileType = sourcecode.c.objc; path = SquareCell.m; sourceTree = "<group>"; };
		DF67825623FBC4080083F80C /* UIColor+XYHColor.h */ = {isa = PBXFileReference; lastKnownFileType = sourcecode.c.h; path = "UIColor+XYHColor.h"; sourceTree = "<group>"; };
		DF67825723FBC4080083F80C /* UIColor+XYHColor.m */ = {isa = PBXFileReference; lastKnownFileType = sourcecode.c.objc; path = "UIColor+XYHColor.m"; sourceTree = "<group>"; };
		DFCD421823D0AF8E006BB290 /* PhotoShare.app */ = {isa = PBXFileReference; explicitFileType = wrapper.application; includeInIndex = 0; path = PhotoShare.app; sourceTree = BUILT_PRODUCTS_DIR; };
		DFCD422423D0AF92006BB290 /* Assets.xcassets */ = {isa = PBXFileReference; lastKnownFileType = folder.assetcatalog; path = Assets.xcassets; sourceTree = "<group>"; };
		DFCD422723D0AF92006BB290 /* Base */ = {isa = PBXFileReference; lastKnownFileType = file.storyboard; name = Base; path = Base.lproj/LaunchScreen.storyboard; sourceTree = "<group>"; };
		DFCD422923D0AF92006BB290 /* Info.plist */ = {isa = PBXFileReference; lastKnownFileType = text.plist.xml; path = Info.plist; sourceTree = "<group>"; };
		DFCD423A23D0B458006BB290 /* AppDelegate.h */ = {isa = PBXFileReference; fileEncoding = 4; lastKnownFileType = sourcecode.c.h; path = AppDelegate.h; sourceTree = "<group>"; };
		DFCD423B23D0B458006BB290 /* main.m */ = {isa = PBXFileReference; fileEncoding = 4; lastKnownFileType = sourcecode.c.objc; path = main.m; sourceTree = "<group>"; };
		DFCD423C23D0B458006BB290 /* AppDelegate.m */ = {isa = PBXFileReference; fileEncoding = 4; lastKnownFileType = sourcecode.c.objc; path = AppDelegate.m; sourceTree = "<group>"; };
		DFCD424B23D0B525006BB290 /* XYHTabBarVC.m */ = {isa = PBXFileReference; fileEncoding = 4; lastKnownFileType = sourcecode.c.objc; path = XYHTabBarVC.m; sourceTree = "<group>"; };
		DFCD424C23D0B525006BB290 /* XYHTabBarVC.h */ = {isa = PBXFileReference; fileEncoding = 4; lastKnownFileType = sourcecode.c.h; path = XYHTabBarVC.h; sourceTree = "<group>"; };
		DFCD424D23D0B525006BB290 /* BaseViewController.m */ = {isa = PBXFileReference; fileEncoding = 4; lastKnownFileType = sourcecode.c.objc; path = BaseViewController.m; sourceTree = "<group>"; };
		DFCD424E23D0B525006BB290 /* BaseViewController.h */ = {isa = PBXFileReference; fileEncoding = 4; lastKnownFileType = sourcecode.c.h; path = BaseViewController.h; sourceTree = "<group>"; };
		DFCD424F23D0B525006BB290 /* XYHNavigationController.h */ = {isa = PBXFileReference; fileEncoding = 4; lastKnownFileType = sourcecode.c.h; path = XYHNavigationController.h; sourceTree = "<group>"; };
		DFCD425023D0B525006BB290 /* XYHNavigationController.m */ = {isa = PBXFileReference; fileEncoding = 4; lastKnownFileType = sourcecode.c.objc; path = XYHNavigationController.m; sourceTree = "<group>"; };
		DFCD425523D0B5BF006BB290 /* XYHBarButtonItem.h */ = {isa = PBXFileReference; fileEncoding = 4; lastKnownFileType = sourcecode.c.h; path = XYHBarButtonItem.h; sourceTree = "<group>"; };
		DFCD425623D0B5BF006BB290 /* XYHBarButtonItem.m */ = {isa = PBXFileReference; fileEncoding = 4; lastKnownFileType = sourcecode.c.objc; path = XYHBarButtonItem.m; sourceTree = "<group>"; };
		DFCD425923D0B63D006BB290 /* UIImage+Color.m */ = {isa = PBXFileReference; fileEncoding = 4; lastKnownFileType = sourcecode.c.objc; path = "UIImage+Color.m"; sourceTree = "<group>"; };
		DFCD425A23D0B63D006BB290 /* UIImage+Color.h */ = {isa = PBXFileReference; fileEncoding = 4; lastKnownFileType = sourcecode.c.h; path = "UIImage+Color.h"; sourceTree = "<group>"; };
		DFCD425C23D0B7E3006BB290 /* XYHPhotoVC.h */ = {isa = PBXFileReference; lastKnownFileType = sourcecode.c.h; path = XYHPhotoVC.h; sourceTree = "<group>"; };
		DFCD425D23D0B7E3006BB290 /* XYHPhotoVC.m */ = {isa = PBXFileReference; lastKnownFileType = sourcecode.c.objc; path = XYHPhotoVC.m; sourceTree = "<group>"; };
		DFCD425F23D0B7F5006BB290 /* XYHProfileVC.h */ = {isa = PBXFileReference; lastKnownFileType = sourcecode.c.h; path = XYHProfileVC.h; sourceTree = "<group>"; };
		DFCD426023D0B7F5006BB290 /* XYHProfileVC.m */ = {isa = PBXFileReference; lastKnownFileType = sourcecode.c.objc; path = XYHProfileVC.m; sourceTree = "<group>"; };
		DFCD426223D0B806006BB290 /* XYHSearchVC.h */ = {isa = PBXFileReference; lastKnownFileType = sourcecode.c.h; path = XYHSearchVC.h; sourceTree = "<group>"; };
		DFCD426323D0B806006BB290 /* XYHSearchVC.m */ = {isa = PBXFileReference; lastKnownFileType = sourcecode.c.objc; path = XYHSearchVC.m; sourceTree = "<group>"; };
		DFCD426523D0B81B006BB290 /* XYHSquareVC.h */ = {isa = PBXFileReference; lastKnownFileType = sourcecode.c.h; path = XYHSquareVC.h; sourceTree = "<group>"; };
		DFCD426623D0B81B006BB290 /* XYHSquareVC.m */ = {isa = PBXFileReference; lastKnownFileType = sourcecode.c.objc; path = XYHSquareVC.m; sourceTree = "<group>"; };
		DFCD426923D0B8FC006BB290 /* PhotoShare.pch */ = {isa = PBXFileReference; lastKnownFileType = sourcecode.c.h; path = PhotoShare.pch; sourceTree = "<group>"; };
		DFCD426A23D17CD4006BB290 /* UIBarButtonItem+XYHBarButtonIterm.m */ = {isa = PBXFileReference; fileEncoding = 4; lastKnownFileType = sourcecode.c.objc; path = "UIBarButtonItem+XYHBarButtonIterm.m"; sourceTree = "<group>"; };
		DFCD426B23D17CD4006BB290 /* UIBarButtonItem+XYHBarButtonIterm.h */ = {isa = PBXFileReference; fileEncoding = 4; lastKnownFileType = sourcecode.c.h; path = "UIBarButtonItem+XYHBarButtonIterm.h"; sourceTree = "<group>"; };
		DFEDC72623FD669F00E30374 /* XYHFMDBTool.h */ = {isa = PBXFileReference; lastKnownFileType = sourcecode.c.h; path = XYHFMDBTool.h; sourceTree = "<group>"; };
		DFEDC72723FD669F00E30374 /* XYHFMDBTool.m */ = {isa = PBXFileReference; lastKnownFileType = sourcecode.c.objc; path = XYHFMDBTool.m; sourceTree = "<group>"; };
		DFEDC72E23FD78FE00E30374 /* XYHPhotoDeatilVC.h */ = {isa = PBXFileReference; lastKnownFileType = sourcecode.c.h; path = XYHPhotoDeatilVC.h; sourceTree = "<group>"; };
		DFEDC72F23FD78FE00E30374 /* XYHPhotoDeatilVC.m */ = {isa = PBXFileReference; lastKnownFileType = sourcecode.c.objc; path = XYHPhotoDeatilVC.m; sourceTree = "<group>"; };
		DFEDC73023FD78FE00E30374 /* XYHPhotoDeatilVC.xib */ = {isa = PBXFileReference; lastKnownFileType = file.xib; path = XYHPhotoDeatilVC.xib; sourceTree = "<group>"; };
/* End PBXFileReference section */

/* Begin PBXFrameworksBuildPhase section */
		DFCD421523D0AF8E006BB290 /* Frameworks */ = {
			isa = PBXFrameworksBuildPhase;
			buildActionMask = 2147483647;
			files = (
				033895ADB90C21E0A510A12F /* Pods_PhotoShare.framework in Frameworks */,
			);
			runOnlyForDeploymentPostprocessing = 0;
		};
/* End PBXFrameworksBuildPhase section */

/* Begin PBXGroup section */
		010E720EA0F407A5CBF304F7 /* Frameworks */ = {
			isa = PBXGroup;
			children = (
				38148A22E6C65B6A8155DC78 /* Pods_PhotoShare.framework */,
			);
			name = Frameworks;
			sourceTree = "<group>";
		};
		CAA6E6E5009953EFC4BF443A /* Pods */ = {
			isa = PBXGroup;
			children = (
				CD78D991B82E86FC6BDBEE00 /* Pods-PhotoShare.debug.xcconfig */,
				5A0CC5845AABDA18482078F2 /* Pods-PhotoShare.release.xcconfig */,
			);
			name = Pods;
			sourceTree = "<group>";
		};
		DF18F758240758C6009112E7 /* PinYin4Objc */ = {
			isa = PBXGroup;
			children = (
				DF18F759240758C6009112E7 /* Classes */,
				DF18F765240758C6009112E7 /* Resources */,
			);
			path = PinYin4Objc;
			sourceTree = "<group>";
		};
		DF18F759240758C6009112E7 /* Classes */ = {
			isa = PBXGroup;
			children = (
				DF18F75A240758C6009112E7 /* PinyinHelper.h */,
				DF18F75B240758C6009112E7 /* HanyuPinyinOutputFormat.h */,
				DF18F75C240758C6009112E7 /* NSString+PinYin4Cocoa.m */,
				DF18F75D240758C6009112E7 /* ChineseToPinyinResource.h */,
				DF18F75E240758C6009112E7 /* PinyinFormatter.h */,
				DF18F75F240758C6009112E7 /* PinyinHelper.m */,
				DF18F760240758C6009112E7 /* NSString+PinYin4Cocoa.h */,
				DF18F761240758C6009112E7 /* HanyuPinyinOutputFormat.m */,
				DF18F762240758C6009112E7 /* ChineseToPinyinResource.m */,
				DF18F763240758C6009112E7 /* PinyinFormatter.m */,
				DF18F764240758C6009112E7 /* PinYin4Objc.h */,
			);
			path = Classes;
			sourceTree = "<group>";
		};
		DF18F765240758C6009112E7 /* Resources */ = {
			isa = PBXGroup;
			children = (
				DF18F766240758C6009112E7 /* unicode_to_hanyu_pinyin.txt */,
			);
			path = Resources;
			sourceTree = "<group>";
		};
		DF1B178E23D5EBE200E9F00B /* View */ = {
			isa = PBXGroup;
			children = (
			);
			path = View;
			sourceTree = "<group>";
		};
		DF2021B123FD20CF00EDFD16 /* tool */ = {
			isa = PBXGroup;
			children = (
				DF18F758240758C6009112E7 /* PinYin4Objc */,
				DF4EB3EA24013710008CAD75 /* Reachability.h */,
				DF4EB3EB24013710008CAD75 /* Reachability.m */,
				DF2021B223FD214B00EDFD16 /* XYHHttpTool.h */,
				DF2021B323FD214B00EDFD16 /* XYHHttpTool.m */,
				DFEDC72623FD669F00E30374 /* XYHFMDBTool.h */,
				DFEDC72723FD669F00E30374 /* XYHFMDBTool.m */,
			);
			path = tool;
			sourceTree = "<group>";
		};
		DFCD420F23D0AF8E006BB290 = {
			isa = PBXGroup;
			children = (
				DFCD421A23D0AF8E006BB290 /* PhotoShare */,
				DFCD421923D0AF8E006BB290 /* Products */,
				CAA6E6E5009953EFC4BF443A /* Pods */,
				010E720EA0F407A5CBF304F7 /* Frameworks */,
			);
			sourceTree = "<group>";
		};
		DFCD421923D0AF8E006BB290 /* Products */ = {
			isa = PBXGroup;
			children = (
				DFCD421823D0AF8E006BB290 /* PhotoShare.app */,
			);
			name = Products;
			sourceTree = "<group>";
		};
		DFCD421A23D0AF8E006BB290 /* PhotoShare */ = {
			isa = PBXGroup;
			children = (
				DFCD423923D0B458006BB290 /* Other */,
				DFCD424723D0B4D1006BB290 /* Main */,
				DFCD423123D0B458006BB290 /* Photo（发图） */,
				DFCD423523D0B458006BB290 /* Profile（我的） */,
				DFCD423D23D0B458006BB290 /* Search（搜索） */,
				DFCD424123D0B458006BB290 /* Square（广场） */,
				DFCD422423D0AF92006BB290 /* Assets.xcassets */,
				DFCD422623D0AF92006BB290 /* LaunchScreen.storyboard */,
				DFCD422923D0AF92006BB290 /* Info.plist */,
			);
			path = PhotoShare;
			sourceTree = "<group>";
		};
		DFCD423123D0B458006BB290 /* Photo（发图） */ = {
			isa = PBXGroup;
			children = (
				DFCD423223D0B458006BB290 /* Controller */,
				DFCD423323D0B458006BB290 /* Model */,
				DFCD423423D0B458006BB290 /* View */,
			);
			path = "Photo（发图）";
			sourceTree = "<group>";
		};
		DFCD423223D0B458006BB290 /* Controller */ = {
			isa = PBXGroup;
			children = (
				DFCD425C23D0B7E3006BB290 /* XYHPhotoVC.h */,
				DFCD425D23D0B7E3006BB290 /* XYHPhotoVC.m */,
				DF18F7752408E68C009112E7 /* XYHPhotoVC.xib */,
				DF18F779240901ED009112E7 /* XYHEdictVC.h */,
				DF18F77A240901ED009112E7 /* XYHEdictVC.m */,
				DF18F77B240901ED009112E7 /* XYHEdictVC.xib */,
			);
			path = Controller;
			sourceTree = "<group>";
		};
		DFCD423323D0B458006BB290 /* Model */ = {
			isa = PBXGroup;
			children = (
			);
			path = Model;
			sourceTree = "<group>";
		};
		DFCD423423D0B458006BB290 /* View */ = {
			isa = PBXGroup;
			children = (
			);
			path = View;
			sourceTree = "<group>";
		};
		DFCD423523D0B458006BB290 /* Profile（我的） */ = {
			isa = PBXGroup;
			children = (
				DFCD423623D0B458006BB290 /* Controller */,
				DFCD423723D0B458006BB290 /* Model */,
				DFCD423823D0B458006BB290 /* View */,
			);
			path = "Profile（我的）";
			sourceTree = "<group>";
		};
		DFCD423623D0B458006BB290 /* Controller */ = {
			isa = PBXGroup;
			children = (
				DFCD425F23D0B7F5006BB290 /* XYHProfileVC.h */,
				DFCD426023D0B7F5006BB290 /* XYHProfileVC.m */,
				DF2E1A48240B9DFA00A4ACD9 /* XYHProfileVC.xib */,
			);
			path = Controller;
			sourceTree = "<group>";
		};
		DFCD423723D0B458006BB290 /* Model */ = {
			isa = PBXGroup;
			children = (
			);
			path = Model;
			sourceTree = "<group>";
		};
		DFCD423823D0B458006BB290 /* View */ = {
			isa = PBXGroup;
			children = (
			);
			path = View;
			sourceTree = "<group>";
		};
		DFCD423923D0B458006BB290 /* Other */ = {
			isa = PBXGroup;
			children = (
				DF2021B123FD20CF00EDFD16 /* tool */,
				DFCD425423D0B5B7006BB290 /* categary */,
				DFCD423A23D0B458006BB290 /* AppDelegate.h */,
				DFCD423C23D0B458006BB290 /* AppDelegate.m */,
				DFCD423B23D0B458006BB290 /* main.m */,
				DFCD426923D0B8FC006BB290 /* PhotoShare.pch */,
			);
			path = Other;
			sourceTree = "<group>";
		};
		DFCD423D23D0B458006BB290 /* Search（搜索） */ = {
			isa = PBXGroup;
			children = (
				DFCD423E23D0B458006BB290 /* Controller */,
				DFCD423F23D0B458006BB290 /* Model */,
				DFCD424023D0B458006BB290 /* View */,
			);
			path = "Search（搜索）";
			sourceTree = "<group>";
		};
		DFCD423E23D0B458006BB290 /* Controller */ = {
			isa = PBXGroup;
			children = (
				DFCD426223D0B806006BB290 /* XYHSearchVC.h */,
				DFCD426323D0B806006BB290 /* XYHSearchVC.m */,
			);
			path = Controller;
			sourceTree = "<group>";
		};
		DFCD423F23D0B458006BB290 /* Model */ = {
			isa = PBXGroup;
			children = (
			);
			path = Model;
			sourceTree = "<group>";
		};
		DFCD424023D0B458006BB290 /* View */ = {
			isa = PBXGroup;
			children = (
				DF18F74E2406A64F009112E7 /* XYHheadView.h */,
				DF18F74F2406A64F009112E7 /* XYHheadView.m */,
				DF18F7512406A659009112E7 /* XYHheadView.xib */,
				DF18F7532406A967009112E7 /* XYHsearchCell.h */,
				DF18F7542406A967009112E7 /* XYHsearchCell.m */,
				DF18F7552406A967009112E7 /* XYHsearchCell.xib */,
			);
			path = View;
			sourceTree = "<group>";
		};
		DFCD424123D0B458006BB290 /* Square（广场） */ = {
			isa = PBXGroup;
			children = (
				DFCD424223D0B458006BB290 /* Controller */,
				DFCD424323D0B458006BB290 /* Model */,
				DFCD424423D0B458006BB290 /* View */,
			);
			path = "Square（广场）";
			sourceTree = "<group>";
		};
		DFCD424223D0B458006BB290 /* Controller */ = {
			isa = PBXGroup;
			children = (
				DFCD426523D0B81B006BB290 /* XYHSquareVC.h */,
				DFCD426623D0B81B006BB290 /* XYHSquareVC.m */,
				DFEDC72E23FD78FE00E30374 /* XYHPhotoDeatilVC.h */,
				DFEDC72F23FD78FE00E30374 /* XYHPhotoDeatilVC.m */,
				DFEDC73023FD78FE00E30374 /* XYHPhotoDeatilVC.xib */,
				DF4EB40124021780008CAD75 /* XYHpopMenumVC.h */,
				DF4EB40224021780008CAD75 /* XYHpopMenumVC.m */,
				DF4EB40324021780008CAD75 /* XYHpopMenumVC.xib */,
			);
			path = Controller;
			sourceTree = "<group>";
		};
		DFCD424323D0B458006BB290 /* Model */ = {
			isa = PBXGroup;
			children = (
				DF2021AE23FD1EC200EDFD16 /* photolistModel.h */,
				DF2021AF23FD1EC200EDFD16 /* photolistModel.m */,
			);
			path = Model;
			sourceTree = "<group>";
		};
		DFCD424423D0B458006BB290 /* View */ = {
			isa = PBXGroup;
			children = (
				DF67825223FBC1D30083F80C /* SquareCell.h */,
				DF67825323FBC1D30083F80C /* SquareCell.m */,
				DF67825123FBC1D30083F80C /* SquareCell.xib */,
				DF4EB3ED24014E71008CAD75 /* XYHRefresh.h */,
				DF4EB3EE24014E71008CAD75 /* XYHRefresh.m */,
				DF4EB3F024014E80008CAD75 /* XYHRefresh.xib */,
			);
			path = View;
			sourceTree = "<group>";
		};
		DFCD424723D0B4D1006BB290 /* Main */ = {
			isa = PBXGroup;
			children = (
				DF1B178E23D5EBE200E9F00B /* View */,
				DFCD425823D0B62A006BB290 /* category */,
				DFCD424823D0B4D1006BB290 /* Controller */,
			);
			path = Main;
			sourceTree = "<group>";
		};
		DFCD424823D0B4D1006BB290 /* Controller */ = {
			isa = PBXGroup;
			children = (
				DFCD424E23D0B525006BB290 /* BaseViewController.h */,
				DFCD424D23D0B525006BB290 /* BaseViewController.m */,
				DFCD424F23D0B525006BB290 /* XYHNavigationController.h */,
				DFCD425023D0B525006BB290 /* XYHNavigationController.m */,
				DFCD424C23D0B525006BB290 /* XYHTabBarVC.h */,
				DFCD424B23D0B525006BB290 /* XYHTabBarVC.m */,
			);
			path = Controller;
			sourceTree = "<group>";
		};
		DFCD425423D0B5B7006BB290 /* categary */ = {
			isa = PBXGroup;
			children = (
				DFCD425523D0B5BF006BB290 /* XYHBarButtonItem.h */,
				DFCD425623D0B5BF006BB290 /* XYHBarButtonItem.m */,
			);
			path = categary;
			sourceTree = "<group>";
		};
		DFCD425823D0B62A006BB290 /* category */ = {
			isa = PBXGroup;
			children = (
				DFCD426B23D17CD4006BB290 /* UIBarButtonItem+XYHBarButtonIterm.h */,
				DFCD426A23D17CD4006BB290 /* UIBarButtonItem+XYHBarButtonIterm.m */,
				DFCD425A23D0B63D006BB290 /* UIImage+Color.h */,
				DFCD425923D0B63D006BB290 /* UIImage+Color.m */,
				DF67825623FBC4080083F80C /* UIColor+XYHColor.h */,
				DF67825723FBC4080083F80C /* UIColor+XYHColor.m */,
			);
			path = category;
			sourceTree = "<group>";
		};
/* End PBXGroup section */

/* Begin PBXNativeTarget section */
		DFCD421723D0AF8E006BB290 /* PhotoShare */ = {
			isa = PBXNativeTarget;
			buildConfigurationList = DFCD422E23D0AF92006BB290 /* Build configuration list for PBXNativeTarget "PhotoShare" */;
			buildPhases = (
				EC7BE0E2A6411EE6AEFA4D67 /* [CP] Check Pods Manifest.lock */,
				DFCD421423D0AF8E006BB290 /* Sources */,
				DFCD421523D0AF8E006BB290 /* Frameworks */,
				DFCD421623D0AF8E006BB290 /* Resources */,
				116470583B356B52F60383D3 /* [CP] Embed Pods Frameworks */,
			);
			buildRules = (
			);
			dependencies = (
			);
			name = PhotoShare;
			productName = PhotoShare;
			productReference = DFCD421823D0AF8E006BB290 /* PhotoShare.app */;
			productType = "com.apple.product-type.application";
		};
/* End PBXNativeTarget section */

/* Begin PBXProject section */
		DFCD421023D0AF8E006BB290 /* Project object */ = {
			isa = PBXProject;
			attributes = {
				LastUpgradeCheck = 0940;
				ORGANIZATIONNAME = yuhangxi;
				TargetAttributes = {
					DFCD421723D0AF8E006BB290 = {
						CreatedOnToolsVersion = 9.4.1;
					};
				};
			};
			buildConfigurationList = DFCD421323D0AF8E006BB290 /* Build configuration list for PBXProject "PhotoShare" */;
			compatibilityVersion = "Xcode 9.3";
			developmentRegion = en;
			hasScannedForEncodings = 0;
			knownRegions = (
				en,
				Base,
			);
			mainGroup = DFCD420F23D0AF8E006BB290;
			productRefGroup = DFCD421923D0AF8E006BB290 /* Products */;
			projectDirPath = "";
			projectRoot = "";
			targets = (
				DFCD421723D0AF8E006BB290 /* PhotoShare */,
			);
		};
/* End PBXProject section */

/* Begin PBXResourcesBuildPhase section */
		DFCD421623D0AF8E006BB290 /* Resources */ = {
			isa = PBXResourcesBuildPhase;
			buildActionMask = 2147483647;
			files = (
				DFEDC73223FD78FE00E30374 /* XYHPhotoDeatilVC.xib in Resources */,
				DF18F77D240901ED009112E7 /* XYHEdictVC.xib in Resources */,
				DF18F7572406A967009112E7 /* XYHsearchCell.xib in Resources */,
				DF18F7762408E68C009112E7 /* XYHPhotoVC.xib in Resources */,
				DF2E1A49240B9DFA00A4ACD9 /* XYHProfileVC.xib in Resources */,
				DF18F7522406A659009112E7 /* XYHheadView.xib in Resources */,
				DF18F76E240758C6009112E7 /* unicode_to_hanyu_pinyin.txt in Resources */,
				DF4EB40524021780008CAD75 /* XYHpopMenumVC.xib in Resources */,
				DFCD422823D0AF92006BB290 /* LaunchScreen.storyboard in Resources */,
				DF4EB3F124014E80008CAD75 /* XYHRefresh.xib in Resources */,
				DF67825423FBC1D30083F80C /* SquareCell.xib in Resources */,
				DFCD422523D0AF92006BB290 /* Assets.xcassets in Resources */,
			);
			runOnlyForDeploymentPostprocessing = 0;
		};
/* End PBXResourcesBuildPhase section */

/* Begin PBXShellScriptBuildPhase section */
		116470583B356B52F60383D3 /* [CP] Embed Pods Frameworks */ = {
			isa = PBXShellScriptBuildPhase;
			buildActionMask = 2147483647;
			files = (
			);
			inputFileListPaths = (
				"${PODS_ROOT}/Target Support Files/Pods-PhotoShare/Pods-PhotoShare-frameworks-${CONFIGURATION}-input-files.xcfilelist",
			);
			name = "[CP] Embed Pods Frameworks";
			outputFileListPaths = (
				"${PODS_ROOT}/Target Support Files/Pods-PhotoShare/Pods-PhotoShare-frameworks-${CONFIGURATION}-output-files.xcfilelist",
			);
			runOnlyForDeploymentPostprocessing = 0;
			shellPath = /bin/sh;
			shellScript = "\"${PODS_ROOT}/Target Support Files/Pods-PhotoShare/Pods-PhotoShare-frameworks.sh\"\n";
			showEnvVarsInLog = 0;
		};
		EC7BE0E2A6411EE6AEFA4D67 /* [CP] Check Pods Manifest.lock */ = {
			isa = PBXShellScriptBuildPhase;
			buildActionMask = 2147483647;
			files = (
			);
			inputPaths = (
				"${PODS_PODFILE_DIR_PATH}/Podfile.lock",
				"${PODS_ROOT}/Manifest.lock",
			);
			name = "[CP] Check Pods Manifest.lock";
			outputPaths = (
				"$(DERIVED_FILE_DIR)/Pods-PhotoShare-checkManifestLockResult.txt",
			);
			runOnlyForDeploymentPostprocessing = 0;
			shellPath = /bin/sh;
			shellScript = "diff \"${PODS_PODFILE_DIR_PATH}/Podfile.lock\" \"${PODS_ROOT}/Manifest.lock\" > /dev/null\nif [ $? != 0 ] ; then\n    # print error to STDERR\n    echo \"error: The sandbox is not in sync with the Podfile.lock. Run 'pod install' or update your CocoaPods installation.\" >&2\n    exit 1\nfi\n# This output is used by Xcode 'outputs' to avoid re-running this script phase.\necho \"SUCCESS\" > \"${SCRIPT_OUTPUT_FILE_0}\"\n";
			showEnvVarsInLog = 0;
		};
/* End PBXShellScriptBuildPhase section */

/* Begin PBXSourcesBuildPhase section */
		DFCD421423D0AF8E006BB290 /* Sources */ = {
			isa = PBXSourcesBuildPhase;
			buildActionMask = 2147483647;
			files = (
				DF67825523FBC1D30083F80C /* SquareCell.m in Sources */,
				DFCD424623D0B458006BB290 /* AppDelegate.m in Sources */,
				DF18F76C240758C6009112E7 /* ChineseToPinyinResource.m in Sources */,
				DFCD425223D0B525006BB290 /* BaseViewController.m in Sources */,
				DFEDC73123FD78FE00E30374 /* XYHPhotoDeatilVC.m in Sources */,
				DF18F76B240758C6009112E7 /* HanyuPinyinOutputFormat.m in Sources */,
				DF18F77C240901ED009112E7 /* XYHEdictVC.m in Sources */,
				DFCD425B23D0B63D006BB290 /* UIImage+Color.m in Sources */,
				DF18F76A240758C6009112E7 /* PinyinHelper.m in Sources */,
				DFCD425E23D0B7E3006BB290 /* XYHPhotoVC.m in Sources */,
				DF18F7502406A64F009112E7 /* XYHheadView.m in Sources */,
				DFCD424523D0B458006BB290 /* main.m in Sources */,
				DF18F76D240758C6009112E7 /* PinyinFormatter.m in Sources */,
				DFEDC72823FD669F00E30374 /* XYHFMDBTool.m in Sources */,
				DFCD425323D0B525006BB290 /* XYHNavigationController.m in Sources */,
				DFCD426723D0B81B006BB290 /* XYHSquareVC.m in Sources */,
				DFCD426423D0B806006BB290 /* XYHSearchVC.m in Sources */,
				DF4EB40424021780008CAD75 /* XYHpopMenumVC.m in Sources */,
				DF2021B023FD1EC200EDFD16 /* photolistModel.m in Sources */,
				DF18F7562406A967009112E7 /* XYHsearchCell.m in Sources */,
				DFCD425723D0B5BF006BB290 /* XYHBarButtonItem.m in Sources */,
				DFCD426123D0B7F5006BB290 /* XYHProfileVC.m in Sources */,
				DF4EB3EF24014E71008CAD75 /* XYHRefresh.m in Sources */,
				DF4EB3EC24013710008CAD75 /* Reachability.m in Sources */,
				DF2021B423FD214B00EDFD16 /* XYHHttpTool.m in Sources */,
				DFCD426C23D17CD4006BB290 /* UIBarButtonItem+XYHBarButtonIterm.m in Sources */,
				DF18F769240758C6009112E7 /* NSString+PinYin4Cocoa.m in Sources */,
				DFCD425123D0B525006BB290 /* XYHTabBarVC.m in Sources */,
				DF67825823FBC4080083F80C /* UIColor+XYHColor.m in Sources */,
			);
			runOnlyForDeploymentPostprocessing = 0;
		};
/* End PBXSourcesBuildPhase section */

/* Begin PBXVariantGroup section */
		DFCD422623D0AF92006BB290 /* LaunchScreen.storyboard */ = {
			isa = PBXVariantGroup;
			children = (
				DFCD422723D0AF92006BB290 /* Base */,
			);
			name = LaunchScreen.storyboard;
			sourceTree = "<group>";
		};
/* End PBXVariantGroup section */

/* Begin XCBuildConfiguration section */
		DFCD422C23D0AF92006BB290 /* Debug */ = {
			isa = XCBuildConfiguration;
			buildSettings = {
				ALWAYS_SEARCH_USER_PATHS = NO;
				CLANG_ANALYZER_NONNULL = YES;
				CLANG_ANALYZER_NUMBER_OBJECT_CONVERSION = YES_AGGRESSIVE;
				CLANG_CXX_LANGUAGE_STANDARD = "gnu++14";
				CLANG_CXX_LIBRARY = "libc++";
				CLANG_ENABLE_MODULES = YES;
				CLANG_ENABLE_OBJC_ARC = YES;
				CLANG_ENABLE_OBJC_WEAK = YES;
				CLANG_WARN_BLOCK_CAPTURE_AUTORELEASING = YES;
				CLANG_WARN_BOOL_CONVERSION = YES;
				CLANG_WARN_COMMA = YES;
				CLANG_WARN_CONSTANT_CONVERSION = YES;
				CLANG_WARN_DEPRECATED_OBJC_IMPLEMENTATIONS = YES;
				CLANG_WARN_DIRECT_OBJC_ISA_USAGE = YES_ERROR;
				CLANG_WARN_DOCUMENTATION_COMMENTS = YES;
				CLANG_WARN_EMPTY_BODY = YES;
				CLANG_WARN_ENUM_CONVERSION = YES;
				CLANG_WARN_INFINITE_RECURSION = YES;
				CLANG_WARN_INT_CONVERSION = YES;
				CLANG_WARN_NON_LITERAL_NULL_CONVERSION = YES;
				CLANG_WARN_OBJC_IMPLICIT_RETAIN_SELF = YES;
				CLANG_WARN_OBJC_LITERAL_CONVERSION = YES;
				CLANG_WARN_OBJC_ROOT_CLASS = YES_ERROR;
				CLANG_WARN_RANGE_LOOP_ANALYSIS = YES;
				CLANG_WARN_STRICT_PROTOTYPES = YES;
				CLANG_WARN_SUSPICIOUS_MOVE = YES;
				CLANG_WARN_UNGUARDED_AVAILABILITY = YES_AGGRESSIVE;
				CLANG_WARN_UNREACHABLE_CODE = YES;
				CLANG_WARN__DUPLICATE_METHOD_MATCH = YES;
				CODE_SIGN_IDENTITY = "iPhone Developer";
				COPY_PHASE_STRIP = NO;
				DEBUG_INFORMATION_FORMAT = dwarf;
				ENABLE_STRICT_OBJC_MSGSEND = YES;
				ENABLE_TESTABILITY = YES;
				GCC_C_LANGUAGE_STANDARD = gnu11;
				GCC_DYNAMIC_NO_PIC = NO;
				GCC_NO_COMMON_BLOCKS = YES;
				GCC_OPTIMIZATION_LEVEL = 0;
				GCC_PREPROCESSOR_DEFINITIONS = (
					"DEBUG=1",
					"$(inherited)",
				);
				GCC_WARN_64_TO_32_BIT_CONVERSION = YES;
				GCC_WARN_ABOUT_RETURN_TYPE = YES_ERROR;
				GCC_WARN_UNDECLARED_SELECTOR = YES;
				GCC_WARN_UNINITIALIZED_AUTOS = YES_AGGRESSIVE;
				GCC_WARN_UNUSED_FUNCTION = YES;
				GCC_WARN_UNUSED_VARIABLE = YES;
				IPHONEOS_DEPLOYMENT_TARGET = 11.4;
				MTL_ENABLE_DEBUG_INFO = YES;
				ONLY_ACTIVE_ARCH = YES;
				SDKROOT = iphoneos;
			};
			name = Debug;
		};
		DFCD422D23D0AF92006BB290 /* Release */ = {
			isa = XCBuildConfiguration;
			buildSettings = {
				ALWAYS_SEARCH_USER_PATHS = NO;
				CLANG_ANALYZER_NONNULL = YES;
				CLANG_ANALYZER_NUMBER_OBJECT_CONVERSION = YES_AGGRESSIVE;
				CLANG_CXX_LANGUAGE_STANDARD = "gnu++14";
				CLANG_CXX_LIBRARY = "libc++";
				CLANG_ENABLE_MODULES = YES;
				CLANG_ENABLE_OBJC_ARC = YES;
				CLANG_ENABLE_OBJC_WEAK = YES;
				CLANG_WARN_BLOCK_CAPTURE_AUTORELEASING = YES;
				CLANG_WARN_BOOL_CONVERSION = YES;
				CLANG_WARN_COMMA = YES;
				CLANG_WARN_CONSTANT_CONVERSION = YES;
				CLANG_WARN_DEPRECATED_OBJC_IMPLEMENTATIONS = YES;
				CLANG_WARN_DIRECT_OBJC_ISA_USAGE = YES_ERROR;
				CLANG_WARN_DOCUMENTATION_COMMENTS = YES;
				CLANG_WARN_EMPTY_BODY = YES;
				CLANG_WARN_ENUM_CONVERSION = YES;
				CLANG_WARN_INFINITE_RECURSION = YES;
				CLANG_WARN_INT_CONVERSION = YES;
				CLANG_WARN_NON_LITERAL_NULL_CONVERSION = YES;
				CLANG_WARN_OBJC_IMPLICIT_RETAIN_SELF = YES;
				CLANG_WARN_OBJC_LITERAL_CONVERSION = YES;
				CLANG_WARN_OBJC_ROOT_CLASS = YES_ERROR;
				CLANG_WARN_RANGE_LOOP_ANALYSIS = YES;
				CLANG_WARN_STRICT_PROTOTYPES = YES;
				CLANG_WARN_SUSPICIOUS_MOVE = YES;
				CLANG_WARN_UNGUARDED_AVAILABILITY = YES_AGGRESSIVE;
				CLANG_WARN_UNREACHABLE_CODE = YES;
				CLANG_WARN__DUPLICATE_METHOD_MATCH = YES;
				CODE_SIGN_IDENTITY = "iPhone Developer";
				COPY_PHASE_STRIP = NO;
				DEBUG_INFORMATION_FORMAT = "dwarf-with-dsym";
				ENABLE_NS_ASSERTIONS = NO;
				ENABLE_STRICT_OBJC_MSGSEND = YES;
				GCC_C_LANGUAGE_STANDARD = gnu11;
				GCC_NO_COMMON_BLOCKS = YES;
				GCC_WARN_64_TO_32_BIT_CONVERSION = YES;
				GCC_WARN_ABOUT_RETURN_TYPE = YES_ERROR;
				GCC_WARN_UNDECLARED_SELECTOR = YES;
				GCC_WARN_UNINITIALIZED_AUTOS = YES_AGGRESSIVE;
				GCC_WARN_UNUSED_FUNCTION = YES;
				GCC_WARN_UNUSED_VARIABLE = YES;
				IPHONEOS_DEPLOYMENT_TARGET = 11.4;
				MTL_ENABLE_DEBUG_INFO = NO;
				SDKROOT = iphoneos;
				VALIDATE_PRODUCT = YES;
			};
			name = Release;
		};
		DFCD422F23D0AF92006BB290 /* Debug */ = {
			isa = XCBuildConfiguration;
			baseConfigurationReference = CD78D991B82E86FC6BDBEE00 /* Pods-PhotoShare.debug.xcconfig */;
			buildSettings = {
				ASSETCATALOG_COMPILER_APPICON_NAME = AppIcon;
				CODE_SIGN_STYLE = Automatic;
				DEVELOPMENT_TEAM = 2PWS9UN7U8;
				GCC_PREFIX_HEADER = /Users/yuhangxi/Desktop/PhotoShare/PhotoShare/PhotoShare/Other/PhotoShare.pch;
				INFOPLIST_FILE = PhotoShare/Info.plist;
				IPHONEOS_DEPLOYMENT_TARGET = 11.0;
				LD_RUNPATH_SEARCH_PATHS = (
					"$(inherited)",
					"@executable_path/Frameworks",
				);
				PRODUCT_BUNDLE_IDENTIFIER = www.netease.com.PhotoShare;
				PRODUCT_NAME = "$(TARGET_NAME)";
				TARGETED_DEVICE_FAMILY = "1,2";
			};
			name = Debug;
		};
		DFCD423023D0AF92006BB290 /* Release */ = {
			isa = XCBuildConfiguration;
			baseConfigurationReference = 5A0CC5845AABDA18482078F2 /* Pods-PhotoShare.release.xcconfig */;
			buildSettings = {
				ASSETCATALOG_COMPILER_APPICON_NAME = AppIcon;
				CODE_SIGN_STYLE = Automatic;
				DEVELOPMENT_TEAM = 2PWS9UN7U8;
				GCC_PREFIX_HEADER = /Users/yuhangxi/Desktop/PhotoShare/PhotoShare/PhotoShare/Other/PhotoShare.pch;
				INFOPLIST_FILE = PhotoShare/Info.plist;
				IPHONEOS_DEPLOYMENT_TARGET = 11.0;
				LD_RUNPATH_SEARCH_PATHS = (
					"$(inherited)",
					"@executable_path/Frameworks",
				);
				PRODUCT_BUNDLE_IDENTIFIER = www.netease.com.PhotoShare;
				PRODUCT_NAME = "$(TARGET_NAME)";
				TARGETED_DEVICE_FAMILY = "1,2";
			};
			name = Release;
		};
/* End XCBuildConfiguration section */

/* Begin XCConfigurationList section */
		DFCD421323D0AF8E006BB290 /* Build configuration list for PBXProject "PhotoShare" */ = {
			isa = XCConfigurationList;
			buildConfigurations = (
				DFCD422C23D0AF92006BB290 /* Debug */,
				DFCD422D23D0AF92006BB290 /* Release */,
			);
			defaultConfigurationIsVisible = 0;
			defaultConfigurationName = Release;
		};
		DFCD422E23D0AF92006BB290 /* Build configuration list for PBXNativeTarget "PhotoShare" */ = {
			isa = XCConfigurationList;
			buildConfigurations = (
				DFCD422F23D0AF92006BB290 /* Debug */,
				DFCD423023D0AF92006BB290 /* Release */,
			);
			defaultConfigurationIsVisible = 0;
			defaultConfigurationName = Release;
		};
/* End XCConfigurationList section */
	};
	rootObject = DFCD421023D0AF8E006BB290 /* Project object */;
}
